// !$*UTF8*$!
{
	archiveVersion = 1;
	classes = {
	};
	objectVersion = 50;
	objects = {

/* Begin PBXBuildFile section */
		67D544A221D6365B009EAD01 /* AppDelegate.swift in Sources */ = {isa = PBXBuildFile; fileRef = 67D544A121D6365B009EAD01 /* AppDelegate.swift */; };
		67D544A421D6365B009EAD01 /* ViewController.swift in Sources */ = {isa = PBXBuildFile; fileRef = 67D544A321D6365B009EAD01 /* ViewController.swift */; };
		67D544A721D6365B009EAD01 /* Main.storyboard in Resources */ = {isa = PBXBuildFile; fileRef = 67D544A521D6365B009EAD01 /* Main.storyboard */; };
		67D544A921D6365E009EAD01 /* Assets.xcassets in Resources */ = {isa = PBXBuildFile; fileRef = 67D544A821D6365E009EAD01 /* Assets.xcassets */; };
		67D544AC21D6365E009EAD01 /* LaunchScreen.storyboard in Resources */ = {isa = PBXBuildFile; fileRef = 67D544AA21D6365E009EAD01 /* LaunchScreen.storyboard */; };
		67D544B721D6365E009EAD01 /* DemoWithSwiftTests.swift in Sources */ = {isa = PBXBuildFile; fileRef = 67D544B621D6365E009EAD01 /* DemoWithSwiftTests.swift */; };
		67D544C221D6365E009EAD01 /* DemoWithSwiftUITests.swift in Sources */ = {isa = PBXBuildFile; fileRef = 67D544C121D6365E009EAD01 /* DemoWithSwiftUITests.swift */; };
		67D544D021D6542A009EAD01 /* CatLayView.swift in Sources */ = {isa = PBXBuildFile; fileRef = 67D544CF21D6542A009EAD01 /* CatLayView.swift */; };
		67D544D321D74BB7009EAD01 /* ResponderViewController.swift in Sources */ = {isa = PBXBuildFile; fileRef = 67D544D221D74BB7009EAD01 /* ResponderViewController.swift */; };
/* End PBXBuildFile section */

/* Begin PBXContainerItemProxy section */
		67D544B321D6365E009EAD01 /* PBXContainerItemProxy */ = {
			isa = PBXContainerItemProxy;
			containerPortal = 67D5449621D6365B009EAD01 /* Project object */;
			proxyType = 1;
			remoteGlobalIDString = 67D5449D21D6365B009EAD01;
			remoteInfo = DemoWithSwift;
		};
		67D544BE21D6365E009EAD01 /* PBXContainerItemProxy */ = {
			isa = PBXContainerItemProxy;
			containerPortal = 67D5449621D6365B009EAD01 /* Project object */;
			proxyType = 1;
			remoteGlobalIDString = 67D5449D21D6365B009EAD01;
			remoteInfo = DemoWithSwift;
		};
/* End PBXContainerItemProxy section */

/* Begin PBXFileReference section */
		67D5449E21D6365B009EAD01 /* DemoWithSwift.app */ = {isa = PBXFileReference; explicitFileType = wrapper.application; includeInIndex = 0; path = DemoWithSwift.app; sourceTree = BUILT_PRODUCTS_DIR; };
		67D544A121D6365B009EAD01 /* AppDelegate.swift */ = {isa = PBXFileReference; lastKnownFileType = sourcecode.swift; path = AppDelegate.swift; sourceTree = "<group>"; };
		67D544A321D6365B009EAD01 /* ViewController.swift */ = {isa = PBXFileReference; lastKnownFileType = sourcecode.swift; path = ViewController.swift; sourceTree = "<group>"; };
		67D544A621D6365B009EAD01 /* Base */ = {isa = PBXFileReference; lastKnownFileType = file.storyboard; name = Base; path = Base.lproj/Main.storyboard; sourceTree = "<group>"; };
		67D544A821D6365E009EAD01 /* Assets.xcassets */ = {isa = PBXFileReference; lastKnownFileType = folder.assetcatalog; path = Assets.xcassets; sourceTree = "<group>"; };
		67D544AB21D6365E009EAD01 /* Base */ = {isa = PBXFileReference; lastKnownFileType = file.storyboard; name = Base; path = Base.lproj/LaunchScreen.storyboard; sourceTree = "<group>"; };
		67D544AD21D6365E009EAD01 /* Info.plist */ = {isa = PBXFileReference; lastKnownFileType = text.plist.xml; path = Info.plist; sourceTree = "<group>"; };
		67D544B221D6365E009EAD01 /* DemoWithSwiftTests.xctest */ = {isa = PBXFileReference; explicitFileType = wrapper.cfbundle; includeInIndex = 0; path = DemoWithSwiftTests.xctest; sourceTree = BUILT_PRODUCTS_DIR; };
		67D544B621D6365E009EAD01 /* DemoWithSwiftTests.swift */ = {isa = PBXFileReference; lastKnownFileType = sourcecode.swift; path = DemoWithSwiftTests.swift; sourceTree = "<group>"; };
		67D544B821D6365E009EAD01 /* Info.plist */ = {isa = PBXFileReference; lastKnownFileType = text.plist.xml; path = Info.plist; sourceTree = "<group>"; };
		67D544BD21D6365E009EAD01 /* DemoWithSwiftUITests.xctest */ = {isa = PBXFileReference; explicitFileType = wrapper.cfbundle; includeInIndex = 0; path = DemoWithSwiftUITests.xctest; sourceTree = BUILT_PRODUCTS_DIR; };
		67D544C121D6365E009EAD01 /* DemoWithSwiftUITests.swift */ = {isa = PBXFileReference; lastKnownFileType = sourcecode.swift; path = DemoWithSwiftUITests.swift; sourceTree = "<group>"; };
		67D544C321D6365E009EAD01 /* Info.plist */ = {isa = PBXFileReference; lastKnownFileType = text.plist.xml; path = Info.plist; sourceTree = "<group>"; };
		67D544CF21D6542A009EAD01 /* CatLayView.swift */ = {isa = PBXFileReference; lastKnownFileType = sourcecode.swift; path = CatLayView.swift; sourceTree = "<group>"; };
		67D544D221D74BB7009EAD01 /* ResponderViewController.swift */ = {isa = PBXFileReference; lastKnownFileType = sourcecode.swift; path = ResponderViewController.swift; sourceTree = "<group>"; };
/* End PBXFileReference section */

/* Begin PBXFrameworksBuildPhase section */
		67D5449B21D6365B009EAD01 /* Frameworks */ = {
			isa = PBXFrameworksBuildPhase;
			buildActionMask = 2147483647;
			files = (
			);
			runOnlyForDeploymentPostprocessing = 0;
		};
		67D544AF21D6365E009EAD01 /* Frameworks */ = {
			isa = PBXFrameworksBuildPhase;
			buildActionMask = 2147483647;
			files = (
			);
			runOnlyForDeploymentPostprocessing = 0;
		};
		67D544BA21D6365E009EAD01 /* Frameworks */ = {
			isa = PBXFrameworksBuildPhase;
			buildActionMask = 2147483647;
			files = (
			);
			runOnlyForDeploymentPostprocessing = 0;
		};
/* End PBXFrameworksBuildPhase section */

/* Begin PBXGroup section */
		67D5449521D6365B009EAD01 = {
			isa = PBXGroup;
			children = (
				67D544A021D6365B009EAD01 /* DemoWithSwift */,
				67D544B521D6365E009EAD01 /* DemoWithSwiftTests */,
				67D544C021D6365E009EAD01 /* DemoWithSwiftUITests */,
				67D5449F21D6365B009EAD01 /* Products */,
			);
			sourceTree = "<group>";
		};
		67D5449F21D6365B009EAD01 /* Products */ = {
			isa = PBXGroup;
			children = (
				67D5449E21D6365B009EAD01 /* DemoWithSwift.app */,
				67D544B221D6365E009EAD01 /* DemoWithSwiftTests.xctest */,
				67D544BD21D6365E009EAD01 /* DemoWithSwiftUITests.xctest */,
			);
			name = Products;
			sourceTree = "<group>";
		};
		67D544A021D6365B009EAD01 /* DemoWithSwift */ = {
			isa = PBXGroup;
			children = (
				67D544D121D74B99009EAD01 /* Responder */,
				67D544A121D6365B009EAD01 /* AppDelegate.swift */,
				67D544A321D6365B009EAD01 /* ViewController.swift */,
				67D544A521D6365B009EAD01 /* Main.storyboard */,
				67D544A821D6365E009EAD01 /* Assets.xcassets */,
				67D544AA21D6365E009EAD01 /* LaunchScreen.storyboard */,
				67D544AD21D6365E009EAD01 /* Info.plist */,
				67D544CF21D6542A009EAD01 /* CatLayView.swift */,
			);
			path = DemoWithSwift;
			sourceTree = "<group>";
		};
		67D544B521D6365E009EAD01 /* DemoWithSwiftTests */ = {
			isa = PBXGroup;
			children = (
				67D544B621D6365E009EAD01 /* DemoWithSwiftTests.swift */,
				67D544B821D6365E009EAD01 /* Info.plist */,
			);
			path = DemoWithSwiftTests;
			sourceTree = "<group>";
		};
		67D544C021D6365E009EAD01 /* DemoWithSwiftUITests */ = {
			isa = PBXGroup;
			children = (
				67D544C121D6365E009EAD01 /* DemoWithSwiftUITests.swift */,
				67D544C321D6365E009EAD01 /* Info.plist */,
			);
			path = DemoWithSwiftUITests;
			sourceTree = "<group>";
		};
		67D544D121D74B99009EAD01 /* Responder */ = {
			isa = PBXGroup;
			children = (
				67D544D221D74BB7009EAD01 /* ResponderViewController.swift */,
			);
			path = Responder;
			sourceTree = "<group>";
		};
/* End PBXGroup section */

/* Begin PBXNativeTarget section */
		67D5449D21D6365B009EAD01 /* DemoWithSwift */ = {
			isa = PBXNativeTarget;
			buildConfigurationList = 67D544C621D6365E009EAD01 /* Build configuration list for PBXNativeTarget "DemoWithSwift" */;
			buildPhases = (
				67D5449A21D6365B009EAD01 /* Sources */,
				67D5449B21D6365B009EAD01 /* Frameworks */,
				67D5449C21D6365B009EAD01 /* Resources */,
			);
			buildRules = (
			);
			dependencies = (
			);
			name = DemoWithSwift;
			productName = DemoWithSwift;
			productReference = 67D5449E21D6365B009EAD01 /* DemoWithSwift.app */;
			productType = "com.apple.product-type.application";
		};
		67D544B121D6365E009EAD01 /* DemoWithSwiftTests */ = {
			isa = PBXNativeTarget;
			buildConfigurationList = 67D544C921D6365E009EAD01 /* Build configuration list for PBXNativeTarget "DemoWithSwiftTests" */;
			buildPhases = (
				67D544AE21D6365E009EAD01 /* Sources */,
				67D544AF21D6365E009EAD01 /* Frameworks */,
				67D544B021D6365E009EAD01 /* Resources */,
			);
			buildRules = (
			);
			dependencies = (
				67D544B421D6365E009EAD01 /* PBXTargetDependency */,
			);
			name = DemoWithSwiftTests;
			productName = DemoWithSwiftTests;
			productReference = 67D544B221D6365E009EAD01 /* DemoWithSwiftTests.xctest */;
			productType = "com.apple.product-type.bundle.unit-test";
		};
		67D544BC21D6365E009EAD01 /* DemoWithSwiftUITests */ = {
			isa = PBXNativeTarget;
			buildConfigurationList = 67D544CC21D6365E009EAD01 /* Build configuration list for PBXNativeTarget "DemoWithSwiftUITests" */;
			buildPhases = (
				67D544B921D6365E009EAD01 /* Sources */,
				67D544BA21D6365E009EAD01 /* Frameworks */,
				67D544BB21D6365E009EAD01 /* Resources */,
			);
			buildRules = (
			);
			dependencies = (
				67D544BF21D6365E009EAD01 /* PBXTargetDependency */,
			);
			name = DemoWithSwiftUITests;
			productName = DemoWithSwiftUITests;
			productReference = 67D544BD21D6365E009EAD01 /* DemoWithSwiftUITests.xctest */;
			productType = "com.apple.product-type.bundle.ui-testing";
		};
/* End PBXNativeTarget section */

/* Begin PBXProject section */
		67D5449621D6365B009EAD01 /* Project object */ = {
			isa = PBXProject;
			attributes = {
				LastSwiftUpdateCheck = 1010;
				LastUpgradeCheck = 1010;
				ORGANIZATIONNAME = woop;
				TargetAttributes = {
					67D5449D21D6365B009EAD01 = {
						CreatedOnToolsVersion = 10.1;
					};
					67D544B121D6365E009EAD01 = {
						CreatedOnToolsVersion = 10.1;
						TestTargetID = 67D5449D21D6365B009EAD01;
					};
					67D544BC21D6365E009EAD01 = {
						CreatedOnToolsVersion = 10.1;
						TestTargetID = 67D5449D21D6365B009EAD01;
					};
				};
			};
			buildConfigurationList = 67D5449921D6365B009EAD01 /* Build configuration list for PBXProject "DemoWithSwift" */;
			compatibilityVersion = "Xcode 9.3";
			developmentRegion = en;
			hasScannedForEncodings = 0;
			knownRegions = (
				en,
				Base,
			);
			mainGroup = 67D5449521D6365B009EAD01;
			productRefGroup = 67D5449F21D6365B009EAD01 /* Products */;
			projectDirPath = "";
			projectRoot = "";
			targets = (
				67D5449D21D6365B009EAD01 /* DemoWithSwift */,
				67D544B121D6365E009EAD01 /* DemoWithSwiftTests */,
				67D544BC21D6365E009EAD01 /* DemoWithSwiftUITests */,
			);
		};
/* End PBXProject section */

/* Begin PBXResourcesBuildPhase section */
		67D5449C21D6365B009EAD01 /* Resources */ = {
			isa = PBXResourcesBuildPhase;
			buildActionMask = 2147483647;
			files = (
				67D544AC21D6365E009EAD01 /* LaunchScreen.storyboard in Resources */,
				67D544A921D6365E009EAD01 /* Assets.xcassets in Resources */,
				67D544A721D6365B009EAD01 /* Main.storyboard in Resources */,
			);
			runOnlyForDeploymentPostprocessing = 0;
		};
		67D544B021D6365E009EAD01 /* Resources */ = {
			isa = PBXResourcesBuildPhase;
			buildActionMask = 2147483647;
			files = (
			);
			runOnlyForDeploymentPostprocessing = 0;
		};
		67D544BB21D6365E009EAD01 /* Resources */ = {
			isa = PBXResourcesBuildPhase;
			buildActionMask = 2147483647;
			files = (
			);
			runOnlyForDeploymentPostprocessing = 0;
		};
/* End PBXResourcesBuildPhase section */

/* Begin PBXSourcesBuildPhase section */
		67D5449A21D6365B009EAD01 /* Sources */ = {
			isa = PBXSourcesBuildPhase;
			buildActionMask = 2147483647;
			files = (
				67D544A421D6365B009EAD01 /* ViewController.swift in Sources */,
				67D544D321D74BB7009EAD01 /* ResponderViewController.swift in Sources */,
				67D544D021D6542A009EAD01 /* CatLayView.swift in Sources */,
				67D544A221D6365B009EAD01 /* AppDelegate.swift in Sources */,
			);
			runOnlyForDeploymentPostprocessing = 0;
		};
		67D544AE21D6365E009EAD01 /* Sources */ = {
			isa = PBXSourcesBuildPhase;
			buildActionMask = 2147483647;
			files = (
				67D544B721D6365E009EAD01 /* DemoWithSwiftTests.swift in Sources */,
			);
			runOnlyForDeploymentPostprocessing = 0;
		};
		67D544B921D6365E009EAD01 /* Sources */ = {
			isa = PBXSourcesBuildPhase;
			buildActionMask = 2147483647;
			files = (
				67D544C221D6365E009EAD01 /* DemoWithSwiftUITests.swift in Sources */,
			);
			runOnlyForDeploymentPostprocessing = 0;
		};
/* End PBXSourcesBuildPhase section */

/* Begin PBXTargetDependency section */
		67D544B421D6365E009EAD01 /* PBXTargetDependency */ = {
			isa = PBXTargetDependency;
			target = 67D5449D21D6365B009EAD01 /* DemoWithSwift */;
			targetProxy = 67D544B321D6365E009EAD01 /* PBXContainerItemProxy */;
		};
		67D544BF21D6365E009EAD01 /* PBXTargetDependency */ = {
			isa = PBXTargetDependency;
			target = 67D5449D21D6365B009EAD01 /* DemoWithSwift */;
			targetProxy = 67D544BE21D6365E009EAD01 /* PBXContainerItemProxy */;
		};
/* End PBXTargetDependency section */

/* Begin PBXVariantGroup section */
		67D544A521D6365B009EAD01 /* Main.storyboard */ = {
			isa = PBXVariantGroup;
			children = (
				67D544A621D6365B009EAD01 /* Base */,
			);
			name = Main.storyboard;
			sourceTree = "<group>";
		};
		67D544AA21D6365E009EAD01 /* LaunchScreen.storyboard */ = {
			isa = PBXVariantGroup;
			children = (
				67D544AB21D6365E009EAD01 /* Base */,
			);
			name = LaunchScreen.storyboard;
			sourceTree = "<group>";
		};
/* End PBXVariantGroup section */

/* Begin XCBuildConfiguration section */
		67D544C421D6365E009EAD01 /* Debug */ = {
			isa = XCBuildConfiguration;
			buildSettings = {
				ALWAYS_SEARCH_USER_PATHS = NO;
				CLANG_ANALYZER_NONNULL = YES;
				CLANG_ANALYZER_NUMBER_OBJECT_CONVERSION = YES_AGGRESSIVE;
				CLANG_CXX_LANGUAGE_STANDARD = "gnu++14";
				CLANG_CXX_LIBRARY = "libc++";
				CLANG_ENABLE_MODULES = YES;
				CLANG_ENABLE_OBJC_ARC = YES;
				CLANG_ENABLE_OBJC_WEAK = YES;
				CLANG_WARN_BLOCK_CAPTURE_AUTORELEASING = YES;
				CLANG_WARN_BOOL_CONVERSION = YES;
				CLANG_WARN_COMMA = YES;
				CLANG_WARN_CONSTANT_CONVERSION = YES;
				CLANG_WARN_DEPRECATED_OBJC_IMPLEMENTATIONS = YES;
				CLANG_WARN_DIRECT_OBJC_ISA_USAGE = YES_ERROR;
				CLANG_WARN_DOCUMENTATION_COMMENTS = YES;
				CLANG_WARN_EMPTY_BODY = YES;
				CLANG_WARN_ENUM_CONVERSION = YES;
				CLANG_WARN_INFINITE_RECURSION = YES;
				CLANG_WARN_INT_CONVERSION = YES;
				CLANG_WARN_NON_LITERAL_NULL_CONVERSION = YES;
				CLANG_WARN_OBJC_IMPLICIT_RETAIN_SELF = YES;
				CLANG_WARN_OBJC_LITERAL_CONVERSION = YES;
				CLANG_WARN_OBJC_ROOT_CLASS = YES_ERROR;
				CLANG_WARN_RANGE_LOOP_ANALYSIS = YES;
				CLANG_WARN_STRICT_PROTOTYPES = YES;
				CLANG_WARN_SUSPICIOUS_MOVE = YES;
				CLANG_WARN_UNGUARDED_AVAILABILITY = YES_AGGRESSIVE;
				CLANG_WARN_UNREACHABLE_CODE = YES;
				CLANG_WARN__DUPLICATE_METHOD_MATCH = YES;
				CODE_SIGN_IDENTITY = "iPhone Developer";
				COPY_PHASE_STRIP = NO;
				DEBUG_INFORMATION_FORMAT = dwarf;
				ENABLE_STRICT_OBJC_MSGSEND = YES;
				ENABLE_TESTABILITY = YES;
				GCC_C_LANGUAGE_STANDARD = gnu11;
				GCC_DYNAMIC_NO_PIC = NO;
				GCC_NO_COMMON_BLOCKS = YES;
				GCC_OPTIMIZATION_LEVEL = 0;
				GCC_PREPROCESSOR_DEFINITIONS = (
					"DEBUG=1",
					"$(inherited)",
				);
				GCC_WARN_64_TO_32_BIT_CONVERSION = YES;
				GCC_WARN_ABOUT_RETURN_TYPE = YES_ERROR;
				GCC_WARN_UNDECLARED_SELECTOR = YES;
				GCC_WARN_UNINITIALIZED_AUTOS = YES_AGGRESSIVE;
				GCC_WARN_UNUSED_FUNCTION = YES;
				GCC_WARN_UNUSED_VARIABLE = YES;
				IPHONEOS_DEPLOYMENT_TARGET = 12.1;
				MTL_ENABLE_DEBUG_INFO = INCLUDE_SOURCE;
				MTL_FAST_MATH = YES;
				ONLY_ACTIVE_ARCH = YES;
				SDKROOT = iphoneos;
				SWIFT_ACTIVE_COMPILATION_CONDITIONS = DEBUG;
				SWIFT_OPTIMIZATION_LEVEL = "-Onone";
			};
			name = Debug;
		};
		67D544C521D6365E009EAD01 /* Release */ = {
			isa = XCBuildConfiguration;
			buildSettings = {
				ALWAYS_SEARCH_USER_PATHS = NO;
				CLANG_ANALYZER_NONNULL = YES;
				CLANG_ANALYZER_NUMBER_OBJECT_CONVERSION = YES_AGGRESSIVE;
				CLANG_CXX_LANGUAGE_STANDARD = "gnu++14";
				CLANG_CXX_LIBRARY = "libc++";
				CLANG_ENABLE_MODULES = YES;
				CLANG_ENABLE_OBJC_ARC = YES;
				CLANG_ENABLE_OBJC_WEAK = YES;
				CLANG_WARN_BLOCK_CAPTURE_AUTORELEASING = YES;
				CLANG_WARN_BOOL_CONVERSION = YES;
				CLANG_WARN_COMMA = YES;
				CLANG_WARN_CONSTANT_CONVERSION = YES;
				CLANG_WARN_DEPRECATED_OBJC_IMPLEMENTATIONS = YES;
				CLANG_WARN_DIRECT_OBJC_ISA_USAGE = YES_ERROR;
				CLANG_WARN_DOCUMENTATION_COMMENTS = YES;
				CLANG_WARN_EMPTY_BODY = YES;
				CLANG_WARN_ENUM_CONVERSION = YES;
				CLANG_WARN_INFINITE_RECURSION = YES;
				CLANG_WARN_INT_CONVERSION = YES;
				CLANG_WARN_NON_LITERAL_NULL_CONVERSION = YES;
				CLANG_WARN_OBJC_IMPLICIT_RETAIN_SELF = YES;
				CLANG_WARN_OBJC_LITERAL_CONVERSION = YES;
				CLANG_WARN_OBJC_ROOT_CLASS = YES_ERROR;
				CLANG_WARN_RANGE_LOOP_ANALYSIS = YES;
				CLANG_WARN_STRICT_PROTOTYPES = YES;
				CLANG_WARN_SUSPICIOUS_MOVE = YES;
				CLANG_WARN_UNGUARDED_AVAILABILITY = YES_AGGRESSIVE;
				CLANG_WARN_UNREACHABLE_CODE = YES;
				CLANG_WARN__DUPLICATE_METHOD_MATCH = YES;
				CODE_SIGN_IDENTITY = "iPhone Developer";
				COPY_PHASE_STRIP = NO;
				DEBUG_INFORMATION_FORMAT = "dwarf-with-dsym";
				ENABLE_NS_ASSERTIONS = NO;
				ENABLE_STRICT_OBJC_MSGSEND = YES;
				GCC_C_LANGUAGE_STANDARD = gnu11;
				GCC_NO_COMMON_BLOCKS = YES;
				GCC_WARN_64_TO_32_BIT_CONVERSION = YES;
				GCC_WARN_ABOUT_RETURN_TYPE = YES_ERROR;
				GCC_WARN_UNDECLARED_SELECTOR = YES;
				GCC_WARN_UNINITIALIZED_AUTOS = YES_AGGRESSIVE;
				GCC_WARN_UNUSED_FUNCTION = YES;
				GCC_WARN_UNUSED_VARIABLE = YES;
				IPHONEOS_DEPLOYMENT_TARGET = 12.1;
				MTL_ENABLE_DEBUG_INFO = NO;
				MTL_FAST_MATH = YES;
				SDKROOT = iphoneos;
				SWIFT_COMPILATION_MODE = wholemodule;
				SWIFT_OPTIMIZATION_LEVEL = "-O";
				VALIDATE_PRODUCT = YES;
			};
			name = Release;
		};
		67D544C721D6365E009EAD01 /* Debug */ = {
			isa = XCBuildConfiguration;
			buildSettings = {
				ASSETCATALOG_COMPILER_APPICON_NAME = AppIcon;
				CODE_SIGN_STYLE = Automatic;
				DEVELOPMENT_TEAM = EWE5496VRT;
				INFOPLIST_FILE = DemoWithSwift/Info.plist;
				LD_RUNPATH_SEARCH_PATHS = (
					"$(inherited)",
					"@executable_path/Frameworks",
				);
				PRODUCT_BUNDLE_IDENTIFIER = com.woop.DemoWithSwift;
				PRODUCT_NAME = "$(TARGET_NAME)";
				SWIFT_VERSION = 4.2;
				TARGETED_DEVICE_FAMILY = "1,2";
			};
			name = Debug;
		};
		67D544C821D6365E009EAD01 /* Release */ = {
			isa = XCBuildConfiguration;
			buildSettings = {
				ASSETCATALOG_COMPILER_APPICON_NAME = AppIcon;
				CODE_SIGN_STYLE = Automatic;
				DEVELOPMENT_TEAM = EWE5496VRT;
				INFOPLIST_FILE = DemoWithSwift/Info.plist;
				LD_RUNPATH_SEARCH_PATHS = (
					"$(inherited)",
					"@executable_path/Frameworks",
				);
				PRODUCT_BUNDLE_IDENTIFIER = com.woop.DemoWithSwift;
				PRODUCT_NAME = "$(TARGET_NAME)";
				SWIFT_VERSION = 4.2;
				TARGETED_DEVICE_FAMILY = "1,2";
			};
			name = Release;
		};
		67D544CA21D6365E009EAD01 /* Debug */ = {
			isa = XCBuildConfiguration;
			buildSettings = {
				ALWAYS_EMBED_SWIFT_STANDARD_LIBRARIES = YES;
				BUNDLE_LOADER = "$(TEST_HOST)";
				CODE_SIGN_STYLE = Automatic;
				DEVELOPMENT_TEAM = EWE5496VRT;
				INFOPLIST_FILE = DemoWithSwiftTests/Info.plist;
				LD_RUNPATH_SEARCH_PATHS = (
					"$(inherited)",
					"@executable_path/Frameworks",
					"@loader_path/Frameworks",
				);
				PRODUCT_BUNDLE_IDENTIFIER = com.woop.DemoWithSwiftTests;
				PRODUCT_NAME = "$(TARGET_NAME)";
				SWIFT_VERSION = 4.2;
				TARGETED_DEVICE_FAMILY = "1,2";
				TEST_HOST = "$(BUILT_PRODUCTS_DIR)/DemoWithSwift.app/DemoWithSwift";
			};
			name = Debug;
		};
		67D544CB21D6365E009EAD01 /* Release */ = {
			isa = XCBuildConfiguration;
			buildSettings = {
				ALWAYS_EMBED_SWIFT_STANDARD_LIBRARIES = YES;
				BUNDLE_LOADER = "$(TEST_HOST)";
				CODE_SIGN_STYLE = Automatic;
				DEVELOPMENT_TEAM = EWE5496VRT;
				INFOPLIST_FILE = DemoWithSwiftTests/Info.plist;
				LD_RUNPATH_SEARCH_PATHS = (
					"$(inherited)",
					"@executable_path/Frameworks",
					"@loader_path/Frameworks",
				);
				PRODUCT_BUNDLE_IDENTIFIER = com.woop.DemoWithSwiftTests;
				PRODUCT_NAME = "$(TARGET_NAME)";
				SWIFT_VERSION = 4.2;
				TARGETED_DEVICE_FAMILY = "1,2";
				TEST_HOST = "$(BUILT_PRODUCTS_DIR)/DemoWithSwift.app/DemoWithSwift";
			};
			name = Release;
		};
		67D544CD21D6365E009EAD01 /* Debug */ = {
			isa = XCBuildConfiguration;
			buildSettings = {
				ALWAYS_EMBED_SWIFT_STANDARD_LIBRARIES = YES;
				CODE_SIGN_STYLE = Automatic;
				DEVELOPMENT_TEAM = EWE5496VRT;
				INFOPLIST_FILE = DemoWithSwiftUITests/Info.plist;
				LD_RUNPATH_SEARCH_PATHS = (
					"$(inherited)",
					"@executable_path/Frameworks",
					"@loader_path/Frameworks",
				);
				PRODUCT_BUNDLE_IDENTIFIER = com.woop.DemoWithSwiftUITests;
				PRODUCT_NAME = "$(TARGET_NAME)";
				SWIFT_VERSION = 4.2;
				TARGETED_DEVICE_FAMILY = "1,2";
				TEST_TARGET_NAME = DemoWithSwift;
			};
			name = Debug;
		};
		67D544CE21D6365E009EAD01 /* Release */ = {
			isa = XCBuildConfiguration;
			buildSettings = {
				ALWAYS_EMBED_SWIFT_STANDARD_LIBRARIES = YES;
				CODE_SIGN_STYLE = Automatic;
				DEVELOPMENT_TEAM = EWE5496VRT;
				INFOPLIST_FILE = DemoWithSwiftUITests/Info.plist;
				LD_RUNPATH_SEARCH_PATHS = (
					"$(inherited)",
					"@executable_path/Frameworks",
					"@loader_path/Frameworks",
				);
				PRODUCT_BUNDLE_IDENTIFIER = com.woop.DemoWithSwiftUITests;
				PRODUCT_NAME = "$(TARGET_NAME)";
				SWIFT_VERSION = 4.2;
				TARGETED_DEVICE_FAMILY = "1,2";
				TEST_TARGET_NAME = DemoWithSwift;
			};
			name = Release;
		};
/* End XCBuildConfiguration section */

/* Begin XCConfigurationList section */
		67D5449921D6365B009EAD01 /* Build configuration list for PBXProject "DemoWithSwift" */ = {
			isa = XCConfigurationList;
			buildConfigurations = (
				67D544C421D6365E009EAD01 /* Debug */,
				67D544C521D6365E009EAD01 /* Release */,
			);
			defaultConfigurationIsVisible = 0;
			defaultConfigurationName = Release;
		};
		67D544C621D6365E009EAD01 /* Build configuration list for PBXNativeTarget "DemoWithSwift" */ = {
			isa = XCConfigurationList;
			buildConfigurations = (
				67D544C721D6365E009EAD01 /* Debug */,
				67D544C821D6365E009EAD01 /* Release */,
			);
			defaultConfigurationIsVisible = 0;
			defaultConfigurationName = Release;
		};
		67D544C921D6365E009EAD01 /* Build configuration list for PBXNativeTarget "DemoWithSwiftTests" */ = {
			isa = XCConfigurationList;
			buildConfigurations = (
				67D544CA21D6365E009EAD01 /* Debug */,
				67D544CB21D6365E009EAD01 /* Release */,
			);
			defaultConfigurationIsVisible = 0;
			defaultConfigurationName = Release;
		};
		67D544CC21D6365E009EAD01 /* Build configuration list for PBXNativeTarget "DemoWithSwiftUITests" */ = {
			isa = XCConfigurationList;
			buildConfigurations = (
				67D544CD21D6365E009EAD01 /* Debug */,
				67D544CE21D6365E009EAD01 /* Release */,
			);
			defaultConfigurationIsVisible = 0;
			defaultConfigurationName = Release;
		};
/* End XCConfigurationList section */
	};
	rootObject = 67D5449621D6365B009EAD01 /* Project object */;
}
